# THIS IS AN AUTOGENERATED FILE. DO NOT EDIT THIS FILE DIRECTLY.
# yarn lockfile v1


lax.js@^1.2.5:
  version "1.2.5"
  resolved "https://registry.yarnpkg.com/lax.js/-/lax.js-1.2.5.tgz#cf4279be9f604a0bb20fd3e808af97879c246c3d"
  integrity sha512-Ytf7ZUhn2YLtyYoUFT8KpoRYvzw0awTr66J0vrp4NpwPaXPp504yhvsrqtP6ZDny3/Y7UOQsWHylV9iLl3cuoQ==
